
Microsoft Visual Studio Solution File, Format Version 12.00
# Visual Studio Version 16
VisualStudioVersion = 16.0.28315.86
MinimumVisualStudioVersion = 10.0.40219.1
Project("{FAE04EC0-301F-11D3-BF4B-00C04F79EFBC}") = "BethanyPie", "BethanyPie\BethanyPie.csproj", "{D44178A9-C64B-477A-B469-80B77F0FAB27}"
EndProject
Global
	GlobalSection(SolutionConfigurationPlatforms) = preSolution
		Debug|Any CPU = Debug|Any CPU
		Release|Any CPU = Release|Any CPU
	EndGlobalSection
	GlobalSection(ProjectConfigurationPlatforms) = postSolution
		{D44178A9-C64B-477A-B469-80B77F0FAB27}.Debug|Any CPU.ActiveCfg = Debug|Any CPU
		{D44178A9-C64B-477A-B469-80B77F0FAB27}.Debug|Any CPU.Build.0 = Debug|Any CPU
		{D44178A9-C64B-477A-B469-80B77F0FAB27}.Release|Any CPU.ActiveCfg = Release|Any CPU
		{D44178A9-C64B-477A-B469-80B77F0FAB27}.Release|Any CPU.Build.0 = Release|Any CPU
	EndGlobalSection
	GlobalSection(SolutionProperties) = preSolution
		HideSolutionNode = FALSE
	EndGlobalSection
	GlobalSection(ExtensibilityGlobals) = postSolution
		SolutionGuid = {98F870C1-BC86-4187-B761-7EDE3EC1A6ED}
	EndGlobalSection
EndGlobal
