
Microsoft Visual Studio Solution File, Format Version 12.00
# Visual Studio Version 16
VisualStudioVersion = 16.0.28315.86
MinimumVisualStudioVersion = 10.0.40219.1
Project("{FAE04EC0-301F-11D3-BF4B-00C04F79EFBC}") = "BethanyPieShop", "BethanyPieShop\BethanyPieShop.csproj", "{C629BFCF-8A72-4B56-96C7-FE86D993B927}"
EndProject
Global
	GlobalSection(SolutionConfigurationPlatforms) = preSolution
		Debug|Any CPU = Debug|Any CPU
		Release|Any CPU = Release|Any CPU
	EndGlobalSection
	GlobalSection(ProjectConfigurationPlatforms) = postSolution
		{C629BFCF-8A72-4B56-96C7-FE86D993B927}.Debug|Any CPU.ActiveCfg = Debug|Any CPU
		{C629BFCF-8A72-4B56-96C7-FE86D993B927}.Debug|Any CPU.Build.0 = Debug|Any CPU
		{C629BFCF-8A72-4B56-96C7-FE86D993B927}.Release|Any CPU.ActiveCfg = Release|Any CPU
		{C629BFCF-8A72-4B56-96C7-FE86D993B927}.Release|Any CPU.Build.0 = Release|Any CPU
	EndGlobalSection
	GlobalSection(SolutionProperties) = preSolution
		HideSolutionNode = FALSE
	EndGlobalSection
	GlobalSection(ExtensibilityGlobals) = postSolution
		SolutionGuid = {4AB702CD-295A-4BCC-93AB-97CFF748BB5B}
	EndGlobalSection
EndGlobal
