
Microsoft Visual Studio Solution File, Format Version 12.00
# Visual Studio Version 16
VisualStudioVersion = 16.0.28407.52
MinimumVisualStudioVersion = 10.0.40219.1
Project("{FAE04EC0-301F-11D3-BF4B-00C04F79EFBC}") = "LibManagement", "LibManagement\LibManagement.csproj", "{595137F9-85AC-408B-B71C-D4380FDF3D29}"
EndProject
Global
	GlobalSection(SolutionConfigurationPlatforms) = preSolution
		Debug|Any CPU = Debug|Any CPU
		Release|Any CPU = Release|Any CPU
	EndGlobalSection
	GlobalSection(ProjectConfigurationPlatforms) = postSolution
		{595137F9-85AC-408B-B71C-D4380FDF3D29}.Debug|Any CPU.ActiveCfg = Debug|Any CPU
		{595137F9-85AC-408B-B71C-D4380FDF3D29}.Debug|Any CPU.Build.0 = Debug|Any CPU
		{595137F9-85AC-408B-B71C-D4380FDF3D29}.Release|Any CPU.ActiveCfg = Release|Any CPU
		{595137F9-85AC-408B-B71C-D4380FDF3D29}.Release|Any CPU.Build.0 = Release|Any CPU
	EndGlobalSection
	GlobalSection(SolutionProperties) = preSolution
		HideSolutionNode = FALSE
	EndGlobalSection
	GlobalSection(ExtensibilityGlobals) = postSolution
		SolutionGuid = {4061B30F-A442-44C7-9B39-8FD85999C393}
	EndGlobalSection
EndGlobal
