
Microsoft Visual Studio Solution File, Format Version 12.00
# Visual Studio Version 16
VisualStudioVersion = 16.0.28803.202
MinimumVisualStudioVersion = 10.0.40219.1
Project("{FAE04EC0-301F-11D3-BF4B-00C04F79EFBC}") = "MicroServices", "MicroServices\MicroServices.csproj", "{2015FF15-CCCF-4C23-B696-6D620ABBC212}"
EndProject
Global
	GlobalSection(SolutionConfigurationPlatforms) = preSolution
		Debug|Any CPU = Debug|Any CPU
		Release|Any CPU = Release|Any CPU
	EndGlobalSection
	GlobalSection(ProjectConfigurationPlatforms) = postSolution
		{2015FF15-CCCF-4C23-B696-6D620ABBC212}.Debug|Any CPU.ActiveCfg = Debug|Any CPU
		{2015FF15-CCCF-4C23-B696-6D620ABBC212}.Debug|Any CPU.Build.0 = Debug|Any CPU
		{2015FF15-CCCF-4C23-B696-6D620ABBC212}.Release|Any CPU.ActiveCfg = Release|Any CPU
		{2015FF15-CCCF-4C23-B696-6D620ABBC212}.Release|Any CPU.Build.0 = Release|Any CPU
	EndGlobalSection
	GlobalSection(SolutionProperties) = preSolution
		HideSolutionNode = FALSE
	EndGlobalSection
	GlobalSection(ExtensibilityGlobals) = postSolution
		SolutionGuid = {2865A931-0FD1-4207-8A44-DD4A8B021834}
	EndGlobalSection
EndGlobal
