
Microsoft Visual Studio Solution File, Format Version 12.00
# Visual Studio 14
VisualStudioVersion = 14.0.23107.0
MinimumVisualStudioVersion = 10.0.40219.1
Project("{FAE04EC0-301F-11D3-BF4B-00C04F79EFBC}") = "PCJ_System", "PCJ_System\PCJ_System.csproj", "{BECA69C1-BB34-48B8-AAE5-139925CE8DC7}"
EndProject
Global
	GlobalSection(SolutionConfigurationPlatforms) = preSolution
		Debug|Any CPU = Debug|Any CPU
		Release|Any CPU = Release|Any CPU
	EndGlobalSection
	GlobalSection(ProjectConfigurationPlatforms) = postSolution
		{BECA69C1-BB34-48B8-AAE5-139925CE8DC7}.Debug|Any CPU.ActiveCfg = Debug|Any CPU
		{BECA69C1-BB34-48B8-AAE5-139925CE8DC7}.Debug|Any CPU.Build.0 = Debug|Any CPU
		{BECA69C1-BB34-48B8-AAE5-139925CE8DC7}.Release|Any CPU.ActiveCfg = Release|Any CPU
		{BECA69C1-BB34-48B8-AAE5-139925CE8DC7}.Release|Any CPU.Build.0 = Release|Any CPU
	EndGlobalSection
	GlobalSection(SolutionProperties) = preSolution
		HideSolutionNode = FALSE
	EndGlobalSection
EndGlobal
